
Microsoft Visual Studio Solution File, Format Version 12.00
# Visual Studio 14
VisualStudioVersion = 14.0.25420.1
MinimumVisualStudioVersion = 10.0.40219.1
Project("{FAE04EC0-301F-11D3-BF4B-00C04F79EFBC}") = "BE", "BE\BE.csproj", "{B11BE523-8E45-456B-8AB6-EC8E4BAF564C}"
EndProject
Project("{FAE04EC0-301F-11D3-BF4B-00C04F79EFBC}") = "UI_console", "UI_console\UI_console.csproj", "{65B2424F-8978-4A9C-BB01-C2D4D971DCFB}"
EndProject
Project("{FAE04EC0-301F-11D3-BF4B-00C04F79EFBC}") = "DS", "DS\DS.csproj", "{77B99442-0BA6-46F7-8534-7207830AF536}"
EndProject
Project("{FAE04EC0-301F-11D3-BF4B-00C04F79EFBC}") = "DAL", "DAL\DAL.csproj", "{B93A478B-B6F0-409C-897A-E01A6A1ACF0C}"
EndProject
Project("{FAE04EC0-301F-11D3-BF4B-00C04F79EFBC}") = "BL", "BL\BL.csproj", "{C9678F5D-8BB0-440A-BA41-92F4A34CF54F}"
EndProject
Project("{FAE04EC0-301F-11D3-BF4B-00C04F79EFBC}") = "UI_WPF_TEMPORARY", "UI_WPF_TEMPORARY\UI_WPF_TEMPORARY.csproj", "{2D4875B0-0B4C-494A-98CB-5B2EA34828B5}"
EndProject
Global
	GlobalSection(SolutionConfigurationPlatforms) = preSolution
		Debug|Any CPU = Debug|Any CPU
		Release|Any CPU = Release|Any CPU
	EndGlobalSection
	GlobalSection(ProjectConfigurationPlatforms) = postSolution
		{B11BE523-8E45-456B-8AB6-EC8E4BAF564C}.Debug|Any CPU.ActiveCfg = Debug|Any CPU
		{B11BE523-8E45-456B-8AB6-EC8E4BAF564C}.Debug|Any CPU.Build.0 = Debug|Any CPU
		{B11BE523-8E45-456B-8AB6-EC8E4BAF564C}.Release|Any CPU.ActiveCfg = Release|Any CPU
		{B11BE523-8E45-456B-8AB6-EC8E4BAF564C}.Release|Any CPU.Build.0 = Release|Any CPU
		{65B2424F-8978-4A9C-BB01-C2D4D971DCFB}.Debug|Any CPU.ActiveCfg = Debug|Any CPU
		{65B2424F-8978-4A9C-BB01-C2D4D971DCFB}.Debug|Any CPU.Build.0 = Debug|Any CPU
		{65B2424F-8978-4A9C-BB01-C2D4D971DCFB}.Release|Any CPU.ActiveCfg = Release|Any CPU
		{65B2424F-8978-4A9C-BB01-C2D4D971DCFB}.Release|Any CPU.Build.0 = Release|Any CPU
		{77B99442-0BA6-46F7-8534-7207830AF536}.Debug|Any CPU.ActiveCfg = Debug|Any CPU
		{77B99442-0BA6-46F7-8534-7207830AF536}.Debug|Any CPU.Build.0 = Debug|Any CPU
		{77B99442-0BA6-46F7-8534-7207830AF536}.Release|Any CPU.ActiveCfg = Release|Any CPU
		{77B99442-0BA6-46F7-8534-7207830AF536}.Release|Any CPU.Build.0 = Release|Any CPU
		{B93A478B-B6F0-409C-897A-E01A6A1ACF0C}.Debug|Any CPU.ActiveCfg = Debug|Any CPU
		{B93A478B-B6F0-409C-897A-E01A6A1ACF0C}.Debug|Any CPU.Build.0 = Debug|Any CPU
		{B93A478B-B6F0-409C-897A-E01A6A1ACF0C}.Release|Any CPU.ActiveCfg = Release|Any CPU
		{B93A478B-B6F0-409C-897A-E01A6A1ACF0C}.Release|Any CPU.Build.0 = Release|Any CPU
		{C9678F5D-8BB0-440A-BA41-92F4A34CF54F}.Debug|Any CPU.ActiveCfg = Debug|Any CPU
		{C9678F5D-8BB0-440A-BA41-92F4A34CF54F}.Debug|Any CPU.Build.0 = Debug|Any CPU
		{C9678F5D-8BB0-440A-BA41-92F4A34CF54F}.Release|Any CPU.ActiveCfg = Release|Any CPU
		{C9678F5D-8BB0-440A-BA41-92F4A34CF54F}.Release|Any CPU.Build.0 = Release|Any CPU
		{2D4875B0-0B4C-494A-98CB-5B2EA34828B5}.Debug|Any CPU.ActiveCfg = Debug|Any CPU
		{2D4875B0-0B4C-494A-98CB-5B2EA34828B5}.Debug|Any CPU.Build.0 = Debug|Any CPU
		{2D4875B0-0B4C-494A-98CB-5B2EA34828B5}.Release|Any CPU.ActiveCfg = Release|Any CPU
		{2D4875B0-0B4C-494A-98CB-5B2EA34828B5}.Release|Any CPU.Build.0 = Release|Any CPU
	EndGlobalSection
	GlobalSection(SolutionProperties) = preSolution
		HideSolutionNode = FALSE
	EndGlobalSection
	GlobalSection(ExtensibilityGlobals) = postSolution
		SolutionGuid = {A714014D-75AE-4B50-90B5-71DA2976BD2C}
	EndGlobalSection
EndGlobal
